// !$*UTF8*$!
{
	archiveVersion = 1;
	classes = {
	};
	objectVersion = 48;
	objects = {

/* Begin PBXBuildFile section */
		CD03D74F1FE08A8900E79EBC /* AppDelegate.swift in Sources */ = {isa = PBXBuildFile; fileRef = CD03D74E1FE08A8900E79EBC /* AppDelegate.swift */; };
		CD03D7511FE08A8900E79EBC /* art.scnassets in Resources */ = {isa = PBXBuildFile; fileRef = CD03D7501FE08A8900E79EBC /* art.scnassets */; };
		CD03D7531FE08A8900E79EBC /* ViewController.swift in Sources */ = {isa = PBXBuildFile; fileRef = CD03D7521FE08A8900E79EBC /* ViewController.swift */; };
		CD03D7561FE08A8900E79EBC /* Main.storyboard in Resources */ = {isa = PBXBuildFile; fileRef = CD03D7541FE08A8900E79EBC /* Main.storyboard */; };
		CD03D7581FE08A8900E79EBC /* Assets.xcassets in Resources */ = {isa = PBXBuildFile; fileRef = CD03D7571FE08A8900E79EBC /* Assets.xcassets */; };
		CD03D75B1FE08A8900E79EBC /* LaunchScreen.storyboard in Resources */ = {isa = PBXBuildFile; fileRef = CD03D7591FE08A8900E79EBC /* LaunchScreen.storyboard */; };
		CD03D7661FE08A8A00E79EBC /* ArkitTests.swift in Sources */ = {isa = PBXBuildFile; fileRef = CD03D7651FE08A8A00E79EBC /* ArkitTests.swift */; };
		CD03D7711FE08A8A00E79EBC /* ArkitUITests.swift in Sources */ = {isa = PBXBuildFile; fileRef = CD03D7701FE08A8A00E79EBC /* ArkitUITests.swift */; };
/* End PBXBuildFile section */

/* Begin PBXContainerItemProxy section */
		CD03D7621FE08A8A00E79EBC /* PBXContainerItemProxy */ = {
			isa = PBXContainerItemProxy;
			containerPortal = CD03D7431FE08A8900E79EBC /* Project object */;
			proxyType = 1;
			remoteGlobalIDString = CD03D74A1FE08A8900E79EBC;
			remoteInfo = Arkit;
		};
		CD03D76D1FE08A8A00E79EBC /* PBXContainerItemProxy */ = {
			isa = PBXContainerItemProxy;
			containerPortal = CD03D7431FE08A8900E79EBC /* Project object */;
			proxyType = 1;
			remoteGlobalIDString = CD03D74A1FE08A8900E79EBC;
			remoteInfo = Arkit;
		};
/* End PBXContainerItemProxy section */

/* Begin PBXFileReference section */
		CD03D74B1FE08A8900E79EBC /* Arkit.app */ = {isa = PBXFileReference; explicitFileType = wrapper.application; includeInIndex = 0; path = Arkit.app; sourceTree = BUILT_PRODUCTS_DIR; };
		CD03D74E1FE08A8900E79EBC /* AppDelegate.swift */ = {isa = PBXFileReference; lastKnownFileType = sourcecode.swift; path = AppDelegate.swift; sourceTree = "<group>"; };
		CD03D7501FE08A8900E79EBC /* art.scnassets */ = {isa = PBXFileReference; lastKnownFileType = wrapper.scnassets; path = art.scnassets; sourceTree = "<group>"; };
		CD03D7521FE08A8900E79EBC /* ViewController.swift */ = {isa = PBXFileReference; lastKnownFileType = sourcecode.swift; path = ViewController.swift; sourceTree = "<group>"; };
		CD03D7551FE08A8900E79EBC /* Base */ = {isa = PBXFileReference; lastKnownFileType = file.storyboard; name = Base; path = Base.lproj/Main.storyboard; sourceTree = "<group>"; };
		CD03D7571FE08A8900E79EBC /* Assets.xcassets */ = {isa = PBXFileReference; lastKnownFileType = folder.assetcatalog; path = Assets.xcassets; sourceTree = "<group>"; };
		CD03D75A1FE08A8900E79EBC /* Base */ = {isa = PBXFileReference; lastKnownFileType = file.storyboard; name = Base; path = Base.lproj/LaunchScreen.storyboard; sourceTree = "<group>"; };
		CD03D75C1FE08A8900E79EBC /* Info.plist */ = {isa = PBXFileReference; lastKnownFileType = text.plist.xml; path = Info.plist; sourceTree = "<group>"; };
		CD03D7611FE08A8A00E79EBC /* ArkitTests.xctest */ = {isa = PBXFileReference; explicitFileType = wrapper.cfbundle; includeInIndex = 0; path = ArkitTests.xctest; sourceTree = BUILT_PRODUCTS_DIR; };
		CD03D7651FE08A8A00E79EBC /* ArkitTests.swift */ = {isa = PBXFileReference; lastKnownFileType = sourcecode.swift; path = ArkitTests.swift; sourceTree = "<group>"; };
		CD03D7671FE08A8A00E79EBC /* Info.plist */ = {isa = PBXFileReference; lastKnownFileType = text.plist.xml; path = Info.plist; sourceTree = "<group>"; };
		CD03D76C1FE08A8A00E79EBC /* ArkitUITests.xctest */ = {isa = PBXFileReference; explicitFileType = wrapper.cfbundle; includeInIndex = 0; path = ArkitUITests.xctest; sourceTree = BUILT_PRODUCTS_DIR; };
		CD03D7701FE08A8A00E79EBC /* ArkitUITests.swift */ = {isa = PBXFileReference; lastKnownFileType = sourcecode.swift; path = ArkitUITests.swift; sourceTree = "<group>"; };
		CD03D7721FE08A8A00E79EBC /* Info.plist */ = {isa = PBXFileReference; lastKnownFileType = text.plist.xml; path = Info.plist; sourceTree = "<group>"; };
/* End PBXFileReference section */

/* Begin PBXFrameworksBuildPhase section */
		CD03D7481FE08A8900E79EBC /* Frameworks */ = {
			isa = PBXFrameworksBuildPhase;
			buildActionMask = 2147483647;
			files = (
			);
			runOnlyForDeploymentPostprocessing = 0;
		};
		CD03D75E1FE08A8A00E79EBC /* Frameworks */ = {
			isa = PBXFrameworksBuildPhase;
			buildActionMask = 2147483647;
			files = (
			);
			runOnlyForDeploymentPostprocessing = 0;
		};
		CD03D7691FE08A8A00E79EBC /* Frameworks */ = {
			isa = PBXFrameworksBuildPhase;
			buildActionMask = 2147483647;
			files = (
			);
			runOnlyForDeploymentPostprocessing = 0;
		};
/* End PBXFrameworksBuildPhase section */

/* Begin PBXGroup section */
		CD03D7421FE08A8900E79EBC = {
			isa = PBXGroup;
			children = (
				CD03D74D1FE08A8900E79EBC /* Arkit */,
				CD03D7641FE08A8A00E79EBC /* ArkitTests */,
				CD03D76F1FE08A8A00E79EBC /* ArkitUITests */,
				CD03D74C1FE08A8900E79EBC /* Products */,
			);
			sourceTree = "<group>";
		};
		CD03D74C1FE08A8900E79EBC /* Products */ = {
			isa = PBXGroup;
			children = (
				CD03D74B1FE08A8900E79EBC /* Arkit.app */,
				CD03D7611FE08A8A00E79EBC /* ArkitTests.xctest */,
				CD03D76C1FE08A8A00E79EBC /* ArkitUITests.xctest */,
			);
			name = Products;
			sourceTree = "<group>";
		};
		CD03D74D1FE08A8900E79EBC /* Arkit */ = {
			isa = PBXGroup;
			children = (
				CD03D74E1FE08A8900E79EBC /* AppDelegate.swift */,
				CD03D7501FE08A8900E79EBC /* art.scnassets */,
				CD03D7521FE08A8900E79EBC /* ViewController.swift */,
				CD03D7541FE08A8900E79EBC /* Main.storyboard */,
				CD03D7571FE08A8900E79EBC /* Assets.xcassets */,
				CD03D7591FE08A8900E79EBC /* LaunchScreen.storyboard */,
				CD03D75C1FE08A8900E79EBC /* Info.plist */,
			);
			path = Arkit;
			sourceTree = "<group>";
		};
		CD03D7641FE08A8A00E79EBC /* ArkitTests */ = {
			isa = PBXGroup;
			children = (
				CD03D7651FE08A8A00E79EBC /* ArkitTests.swift */,
				CD03D7671FE08A8A00E79EBC /* Info.plist */,
			);
			path = ArkitTests;
			sourceTree = "<group>";
		};
		CD03D76F1FE08A8A00E79EBC /* ArkitUITests */ = {
			isa = PBXGroup;
			children = (
				CD03D7701FE08A8A00E79EBC /* ArkitUITests.swift */,
				CD03D7721FE08A8A00E79EBC /* Info.plist */,
			);
			path = ArkitUITests;
			sourceTree = "<group>";
		};
/* End PBXGroup section */

/* Begin PBXNativeTarget section */
		CD03D74A1FE08A8900E79EBC /* Arkit */ = {
			isa = PBXNativeTarget;
			buildConfigurationList = CD03D7751FE08A8A00E79EBC /* Build configuration list for PBXNativeTarget "Arkit" */;
			buildPhases = (
				CD03D7471FE08A8900E79EBC /* Sources */,
				CD03D7481FE08A8900E79EBC /* Frameworks */,
				CD03D7491FE08A8900E79EBC /* Resources */,
			);
			buildRules = (
			);
			dependencies = (
			);
			name = Arkit;
			productName = Arkit;
			productReference = CD03D74B1FE08A8900E79EBC /* Arkit.app */;
			productType = "com.apple.product-type.application";
		};
		CD03D7601FE08A8A00E79EBC /* ArkitTests */ = {
			isa = PBXNativeTarget;
			buildConfigurationList = CD03D7781FE08A8A00E79EBC /* Build configuration list for PBXNativeTarget "ArkitTests" */;
			buildPhases = (
				CD03D75D1FE08A8A00E79EBC /* Sources */,
				CD03D75E1FE08A8A00E79EBC /* Frameworks */,
				CD03D75F1FE08A8A00E79EBC /* Resources */,
			);
			buildRules = (
			);
			dependencies = (
				CD03D7631FE08A8A00E79EBC /* PBXTargetDependency */,
			);
			name = ArkitTests;
			productName = ArkitTests;
			productReference = CD03D7611FE08A8A00E79EBC /* ArkitTests.xctest */;
			productType = "com.apple.product-type.bundle.unit-test";
		};
		CD03D76B1FE08A8A00E79EBC /* ArkitUITests */ = {
			isa = PBXNativeTarget;
			buildConfigurationList = CD03D77B1FE08A8A00E79EBC /* Build configuration list for PBXNativeTarget "ArkitUITests" */;
			buildPhases = (
				CD03D7681FE08A8A00E79EBC /* Sources */,
				CD03D7691FE08A8A00E79EBC /* Frameworks */,
				CD03D76A1FE08A8A00E79EBC /* Resources */,
			);
			buildRules = (
			);
			dependencies = (
				CD03D76E1FE08A8A00E79EBC /* PBXTargetDependency */,
			);
			name = ArkitUITests;
			productName = ArkitUITests;
			productReference = CD03D76C1FE08A8A00E79EBC /* ArkitUITests.xctest */;
			productType = "com.apple.product-type.bundle.ui-testing";
		};
/* End PBXNativeTarget section */

/* Begin PBXProject section */
		CD03D7431FE08A8900E79EBC /* Project object */ = {
			isa = PBXProject;
			attributes = {
				LastSwiftUpdateCheck = 0910;
				LastUpgradeCheck = 0910;
				ORGANIZATIONNAME = "Thabo Kopane";
				TargetAttributes = {
					CD03D74A1FE08A8900E79EBC = {
						CreatedOnToolsVersion = 9.1;
						ProvisioningStyle = Automatic;
					};
					CD03D7601FE08A8A00E79EBC = {
						CreatedOnToolsVersion = 9.1;
						ProvisioningStyle = Automatic;
						TestTargetID = CD03D74A1FE08A8900E79EBC;
					};
					CD03D76B1FE08A8A00E79EBC = {
						CreatedOnToolsVersion = 9.1;
						ProvisioningStyle = Automatic;
						TestTargetID = CD03D74A1FE08A8900E79EBC;
					};
				};
			};
			buildConfigurationList = CD03D7461FE08A8900E79EBC /* Build configuration list for PBXProject "Arkit" */;
			compatibilityVersion = "Xcode 8.0";
			developmentRegion = en;
			hasScannedForEncodings = 0;
			knownRegions = (
				en,
				Base,
			);
			mainGroup = CD03D7421FE08A8900E79EBC;
			productRefGroup = CD03D74C1FE08A8900E79EBC /* Products */;
			projectDirPath = "";
			projectRoot = "";
			targets = (
				CD03D74A1FE08A8900E79EBC /* Arkit */,
				CD03D7601FE08A8A00E79EBC /* ArkitTests */,
				CD03D76B1FE08A8A00E79EBC /* ArkitUITests */,
			);
		};
/* End PBXProject section */

/* Begin PBXResourcesBuildPhase section */
		CD03D7491FE08A8900E79EBC /* Resources */ = {
			isa = PBXResourcesBuildPhase;
			buildActionMask = 2147483647;
			files = (
				CD03D7511FE08A8900E79EBC /* art.scnassets in Resources */,
				CD03D75B1FE08A8900E79EBC /* LaunchScreen.storyboard in Resources */,
				CD03D7581FE08A8900E79EBC /* Assets.xcassets in Resources */,
				CD03D7561FE08A8900E79EBC /* Main.storyboard in Resources */,
			);
			runOnlyForDeploymentPostprocessing = 0;
		};
		CD03D75F1FE08A8A00E79EBC /* Resources */ = {
			isa = PBXResourcesBuildPhase;
			buildActionMask = 2147483647;
			files = (
			);
			runOnlyForDeploymentPostprocessing = 0;
		};
		CD03D76A1FE08A8A00E79EBC /* Resources */ = {
			isa = PBXResourcesBuildPhase;
			buildActionMask = 2147483647;
			files = (
			);
			runOnlyForDeploymentPostprocessing = 0;
		};
/* End PBXResourcesBuildPhase section */

/* Begin PBXSourcesBuildPhase section */
		CD03D7471FE08A8900E79EBC /* Sources */ = {
			isa = PBXSourcesBuildPhase;
			buildActionMask = 2147483647;
			files = (
				CD03D7531FE08A8900E79EBC /* ViewController.swift in Sources */,
				CD03D74F1FE08A8900E79EBC /* AppDelegate.swift in Sources */,
			);
			runOnlyForDeploymentPostprocessing = 0;
		};
		CD03D75D1FE08A8A00E79EBC /* Sources */ = {
			isa = PBXSourcesBuildPhase;
			buildActionMask = 2147483647;
			files = (
				CD03D7661FE08A8A00E79EBC /* ArkitTests.swift in Sources */,
			);
			runOnlyForDeploymentPostprocessing = 0;
		};
		CD03D7681FE08A8A00E79EBC /* Sources */ = {
			isa = PBXSourcesBuildPhase;
			buildActionMask = 2147483647;
			files = (
				CD03D7711FE08A8A00E79EBC /* ArkitUITests.swift in Sources */,
			);
			runOnlyForDeploymentPostprocessing = 0;
		};
/* End PBXSourcesBuildPhase section */

/* Begin PBXTargetDependency section */
		CD03D7631FE08A8A00E79EBC /* PBXTargetDependency */ = {
			isa = PBXTargetDependency;
			target = CD03D74A1FE08A8900E79EBC /* Arkit */;
			targetProxy = CD03D7621FE08A8A00E79EBC /* PBXContainerItemProxy */;
		};
		CD03D76E1FE08A8A00E79EBC /* PBXTargetDependency */ = {
			isa = PBXTargetDependency;
			target = CD03D74A1FE08A8900E79EBC /* Arkit */;
			targetProxy = CD03D76D1FE08A8A00E79EBC /* PBXContainerItemProxy */;
		};
/* End PBXTargetDependency section */

/* Begin PBXVariantGroup section */
		CD03D7541FE08A8900E79EBC /* Main.storyboard */ = {
			isa = PBXVariantGroup;
			children = (
				CD03D7551FE08A8900E79EBC /* Base */,
			);
			name = Main.storyboard;
			sourceTree = "<group>";
		};
		CD03D7591FE08A8900E79EBC /* LaunchScreen.storyboard */ = {
			isa = PBXVariantGroup;
			children = (
				CD03D75A1FE08A8900E79EBC /* Base */,
			);
			name = LaunchScreen.storyboard;
			sourceTree = "<group>";
		};
/* End PBXVariantGroup section */

/* Begin XCBuildConfiguration section */
		CD03D7731FE08A8A00E79EBC /* Debug */ = {
			isa = XCBuildConfiguration;
			buildSettings = {
				ALWAYS_SEARCH_USER_PATHS = NO;
				CLANG_ANALYZER_NONNULL = YES;
				CLANG_ANALYZER_NUMBER_OBJECT_CONVERSION = YES_AGGRESSIVE;
				CLANG_CXX_LANGUAGE_STANDARD = "gnu++14";
				CLANG_CXX_LIBRARY = "libc++";
				CLANG_ENABLE_MODULES = YES;
				CLANG_ENABLE_OBJC_ARC = YES;
				CLANG_WARN_BLOCK_CAPTURE_AUTORELEASING = YES;
				CLANG_WARN_BOOL_CONVERSION = YES;
				CLANG_WARN_COMMA = YES;
				CLANG_WARN_CONSTANT_CONVERSION = YES;
				CLANG_WARN_DIRECT_OBJC_ISA_USAGE = YES_ERROR;
				CLANG_WARN_DOCUMENTATION_COMMENTS = YES;
				CLANG_WARN_EMPTY_BODY = YES;
				CLANG_WARN_ENUM_CONVERSION = YES;
				CLANG_WARN_INFINITE_RECURSION = YES;
				CLANG_WARN_INT_CONVERSION = YES;
				CLANG_WARN_NON_LITERAL_NULL_CONVERSION = YES;
				CLANG_WARN_OBJC_LITERAL_CONVERSION = YES;
				CLANG_WARN_OBJC_ROOT_CLASS = YES_ERROR;
				CLANG_WARN_RANGE_LOOP_ANALYSIS = YES;
				CLANG_WARN_STRICT_PROTOTYPES = YES;
				CLANG_WARN_SUSPICIOUS_MOVE = YES;
				CLANG_WARN_UNGUARDED_AVAILABILITY = YES_AGGRESSIVE;
				CLANG_WARN_UNREACHABLE_CODE = YES;
				CLANG_WARN__DUPLICATE_METHOD_MATCH = YES;
				CODE_SIGN_IDENTITY = "iPhone Developer";
				COPY_PHASE_STRIP = NO;
				DEBUG_INFORMATION_FORMAT = dwarf;
				ENABLE_STRICT_OBJC_MSGSEND = YES;
				ENABLE_TESTABILITY = YES;
				GCC_C_LANGUAGE_STANDARD = gnu11;
				GCC_DYNAMIC_NO_PIC = NO;
				GCC_NO_COMMON_BLOCKS = YES;
				GCC_OPTIMIZATION_LEVEL = 0;
				GCC_PREPROCESSOR_DEFINITIONS = (
					"DEBUG=1",
					"$(inherited)",
				);
				GCC_WARN_64_TO_32_BIT_CONVERSION = YES;
				GCC_WARN_ABOUT_RETURN_TYPE = YES_ERROR;
				GCC_WARN_UNDECLARED_SELECTOR = YES;
				GCC_WARN_UNINITIALIZED_AUTOS = YES_AGGRESSIVE;
				GCC_WARN_UNUSED_FUNCTION = YES;
				GCC_WARN_UNUSED_VARIABLE = YES;
				IPHONEOS_DEPLOYMENT_TARGET = 11.1;
				MTL_ENABLE_DEBUG_INFO = YES;
				ONLY_ACTIVE_ARCH = YES;
				SDKROOT = iphoneos;
				SWIFT_ACTIVE_COMPILATION_CONDITIONS = DEBUG;
				SWIFT_OPTIMIZATION_LEVEL = "-Onone";
			};
			name = Debug;
		};
		CD03D7741FE08A8A00E79EBC /* Release */ = {
			isa = XCBuildConfiguration;
			buildSettings = {
				ALWAYS_SEARCH_USER_PATHS = NO;
				CLANG_ANALYZER_NONNULL = YES;
				CLANG_ANALYZER_NUMBER_OBJECT_CONVERSION = YES_AGGRESSIVE;
				CLANG_CXX_LANGUAGE_STANDARD = "gnu++14";
				CLANG_CXX_LIBRARY = "libc++";
				CLANG_ENABLE_MODULES = YES;
				CLANG_ENABLE_OBJC_ARC = YES;
				CLANG_WARN_BLOCK_CAPTURE_AUTORELEASING = YES;
				CLANG_WARN_BOOL_CONVERSION = YES;
				CLANG_WARN_COMMA = YES;
				CLANG_WARN_CONSTANT_CONVERSION = YES;
				CLANG_WARN_DIRECT_OBJC_ISA_USAGE = YES_ERROR;
				CLANG_WARN_DOCUMENTATION_COMMENTS = YES;
				CLANG_WARN_EMPTY_BODY = YES;
				CLANG_WARN_ENUM_CONVERSION = YES;
				CLANG_WARN_INFINITE_RECURSION = YES;
				CLANG_WARN_INT_CONVERSION = YES;
				CLANG_WARN_NON_LITERAL_NULL_CONVERSION = YES;
				CLANG_WARN_OBJC_LITERAL_CONVERSION = YES;
				CLANG_WARN_OBJC_ROOT_CLASS = YES_ERROR;
				CLANG_WARN_RANGE_LOOP_ANALYSIS = YES;
				CLANG_WARN_STRICT_PROTOTYPES = YES;
				CLANG_WARN_SUSPICIOUS_MOVE = YES;
				CLANG_WARN_UNGUARDED_AVAILABILITY = YES_AGGRESSIVE;
				CLANG_WARN_UNREACHABLE_CODE = YES;
				CLANG_WARN__DUPLICATE_METHOD_MATCH = YES;
				CODE_SIGN_IDENTITY = "iPhone Developer";
				COPY_PHASE_STRIP = NO;
				DEBUG_INFORMATION_FORMAT = "dwarf-with-dsym";
				ENABLE_NS_ASSERTIONS = NO;
				ENABLE_STRICT_OBJC_MSGSEND = YES;
				GCC_C_LANGUAGE_STANDARD = gnu11;
				GCC_NO_COMMON_BLOCKS = YES;
				GCC_WARN_64_TO_32_BIT_CONVERSION = YES;
				GCC_WARN_ABOUT_RETURN_TYPE = YES_ERROR;
				GCC_WARN_UNDECLARED_SELECTOR = YES;
				GCC_WARN_UNINITIALIZED_AUTOS = YES_AGGRESSIVE;
				GCC_WARN_UNUSED_FUNCTION = YES;
				GCC_WARN_UNUSED_VARIABLE = YES;
				IPHONEOS_DEPLOYMENT_TARGET = 11.1;
				MTL_ENABLE_DEBUG_INFO = NO;
				SDKROOT = iphoneos;
				SWIFT_OPTIMIZATION_LEVEL = "-Owholemodule";
				VALIDATE_PRODUCT = YES;
			};
			name = Release;
		};
		CD03D7761FE08A8A00E79EBC /* Debug */ = {
			isa = XCBuildConfiguration;
			buildSettings = {
				ASSETCATALOG_COMPILER_APPICON_NAME = AppIcon;
				CODE_SIGN_STYLE = Automatic;
				INFOPLIST_FILE = Arkit/Info.plist;
				LD_RUNPATH_SEARCH_PATHS = "$(inherited) @executable_path/Frameworks";
				PRODUCT_BUNDLE_IDENTIFIER = edu.Thabo.Arkit;
				PRODUCT_NAME = "$(TARGET_NAME)";
				SWIFT_VERSION = 4.0;
				TARGETED_DEVICE_FAMILY = "1,2";
			};
			name = Debug;
		};
		CD03D7771FE08A8A00E79EBC /* Release */ = {
			isa = XCBuildConfiguration;
			buildSettings = {
				ASSETCATALOG_COMPILER_APPICON_NAME = AppIcon;
				CODE_SIGN_STYLE = Automatic;
				INFOPLIST_FILE = Arkit/Info.plist;
				LD_RUNPATH_SEARCH_PATHS = "$(inherited) @executable_path/Frameworks";
				PRODUCT_BUNDLE_IDENTIFIER = edu.Thabo.Arkit;
				PRODUCT_NAME = "$(TARGET_NAME)";
				SWIFT_VERSION = 4.0;
				TARGETED_DEVICE_FAMILY = "1,2";
			};
			name = Release;
		};
		CD03D7791FE08A8A00E79EBC /* Debug */ = {
			isa = XCBuildConfiguration;
			buildSettings = {
				ALWAYS_EMBED_SWIFT_STANDARD_LIBRARIES = YES;
				BUNDLE_LOADER = "$(TEST_HOST)";
				CODE_SIGN_STYLE = Automatic;
				INFOPLIST_FILE = ArkitTests/Info.plist;
				LD_RUNPATH_SEARCH_PATHS = "$(inherited) @executable_path/Frameworks @loader_path/Frameworks";
				PRODUCT_BUNDLE_IDENTIFIER = edu.Thabo.ArkitTests;
				PRODUCT_NAME = "$(TARGET_NAME)";
				SWIFT_VERSION = 4.0;
				TARGETED_DEVICE_FAMILY = "1,2";
				TEST_HOST = "$(BUILT_PRODUCTS_DIR)/Arkit.app/Arkit";
			};
			name = Debug;
		};
		CD03D77A1FE08A8A00E79EBC /* Release */ = {
			isa = XCBuildConfiguration;
			buildSettings = {
				ALWAYS_EMBED_SWIFT_STANDARD_LIBRARIES = YES;
				BUNDLE_LOADER = "$(TEST_HOST)";
				CODE_SIGN_STYLE = Automatic;
				INFOPLIST_FILE = ArkitTests/Info.plist;
				LD_RUNPATH_SEARCH_PATHS = "$(inherited) @executable_path/Frameworks @loader_path/Frameworks";
				PRODUCT_BUNDLE_IDENTIFIER = edu.Thabo.ArkitTests;
				PRODUCT_NAME = "$(TARGET_NAME)";
				SWIFT_VERSION = 4.0;
				TARGETED_DEVICE_FAMILY = "1,2";
				TEST_HOST = "$(BUILT_PRODUCTS_DIR)/Arkit.app/Arkit";
			};
			name = Release;
		};
		CD03D77C1FE08A8A00E79EBC /* Debug */ = {
			isa = XCBuildConfiguration;
			buildSettings = {
				ALWAYS_EMBED_SWIFT_STANDARD_LIBRARIES = YES;
				CODE_SIGN_STYLE = Automatic;
				INFOPLIST_FILE = ArkitUITests/Info.plist;
				LD_RUNPATH_SEARCH_PATHS = "$(inherited) @executable_path/Frameworks @loader_path/Frameworks";
				PRODUCT_BUNDLE_IDENTIFIER = edu.Thabo.ArkitUITests;
				PRODUCT_NAME = "$(TARGET_NAME)";
				SWIFT_VERSION = 4.0;
				TARGETED_DEVICE_FAMILY = "1,2";
				TEST_TARGET_NAME = Arkit;
			};
			name = Debug;
		};
		CD03D77D1FE08A8A00E79EBC /* Release */ = {
			isa = XCBuildConfiguration;
			buildSettings = {
				ALWAYS_EMBED_SWIFT_STANDARD_LIBRARIES = YES;
				CODE_SIGN_STYLE = Automatic;
				INFOPLIST_FILE = ArkitUITests/Info.plist;
				LD_RUNPATH_SEARCH_PATHS = "$(inherited) @executable_path/Frameworks @loader_path/Frameworks";
				PRODUCT_BUNDLE_IDENTIFIER = edu.Thabo.ArkitUITests;
				PRODUCT_NAME = "$(TARGET_NAME)";
				SWIFT_VERSION = 4.0;
				TARGETED_DEVICE_FAMILY = "1,2";
				TEST_TARGET_NAME = Arkit;
			};
			name = Release;
		};
/* End XCBuildConfiguration section */

/* Begin XCConfigurationList section */
		CD03D7461FE08A8900E79EBC /* Build configuration list for PBXProject "Arkit" */ = {
			isa = XCConfigurationList;
			buildConfigurations = (
				CD03D7731FE08A8A00E79EBC /* Debug */,
				CD03D7741FE08A8A00E79EBC /* Release */,
			);
			defaultConfigurationIsVisible = 0;
			defaultConfigurationName = Release;
		};
		CD03D7751FE08A8A00E79EBC /* Build configuration list for PBXNativeTarget "Arkit" */ = {
			isa = XCConfigurationList;
			buildConfigurations = (
				CD03D7761FE08A8A00E79EBC /* Debug */,
				CD03D7771FE08A8A00E79EBC /* Release */,
			);
			defaultConfigurationIsVisible = 0;
			defaultConfigurationName = Release;
		};
		CD03D7781FE08A8A00E79EBC /* Build configuration list for PBXNativeTarget "ArkitTests" */ = {
			isa = XCConfigurationList;
			buildConfigurations = (
				CD03D7791FE08A8A00E79EBC /* Debug */,
				CD03D77A1FE08A8A00E79EBC /* Release */,
			);
			defaultConfigurationIsVisible = 0;
			defaultConfigurationName = Release;
		};
		CD03D77B1FE08A8A00E79EBC /* Build configuration list for PBXNativeTarget "ArkitUITests" */ = {
			isa = XCConfigurationList;
			buildConfigurations = (
				CD03D77C1FE08A8A00E79EBC /* Debug */,
				CD03D77D1FE08A8A00E79EBC /* Release */,
			);
			defaultConfigurationIsVisible = 0;
			defaultConfigurationName = Release;
		};
/* End XCConfigurationList section */
	};
	rootObject = CD03D7431FE08A8900E79EBC /* Project object */;
}
